
Microsoft Visual Studio Solution File, Format Version 12.00
# Visual Studio Version 16
VisualStudioVersion = 16.0.30428.66
MinimumVisualStudioVersion = 10.0.40219.1
Project("{FAE04EC0-301F-11D3-BF4B-00C04F79EFBC}") = "Actividad2-ActividadDocentes", "Actividad2-ActividadDocentes\Actividad2-ActividadDocentes.csproj", "{F466EFF4-2B16-40CE-AF5A-93374EBE16B9}"
EndProject
Global
	GlobalSection(SolutionConfigurationPlatforms) = preSolution
		Debug|Any CPU = Debug|Any CPU
		Release|Any CPU = Release|Any CPU
	EndGlobalSection
	GlobalSection(ProjectConfigurationPlatforms) = postSolution
		{F466EFF4-2B16-40CE-AF5A-93374EBE16B9}.Debug|Any CPU.ActiveCfg = Debug|Any CPU
		{F466EFF4-2B16-40CE-AF5A-93374EBE16B9}.Debug|Any CPU.Build.0 = Debug|Any CPU
		{F466EFF4-2B16-40CE-AF5A-93374EBE16B9}.Release|Any CPU.ActiveCfg = Release|Any CPU
		{F466EFF4-2B16-40CE-AF5A-93374EBE16B9}.Release|Any CPU.Build.0 = Release|Any CPU
	EndGlobalSection
	GlobalSection(SolutionProperties) = preSolution
		HideSolutionNode = FALSE
	EndGlobalSection
	GlobalSection(ExtensibilityGlobals) = postSolution
		SolutionGuid = {FC48B21B-8929-4AD1-A2A5-B74D5B48EEB8}
	EndGlobalSection
EndGlobal
